
Microsoft Visual Studio Solution File, Format Version 12.00
# Visual Studio 2012
Project("{FAE04EC0-301F-11D3-BF4B-00C04F79EFBC}") = "DataMerger", "DataMerger\DataMerger.csproj", "{2B236AAC-DE24-46B5-8DAF-2A7DF924A285}"
EndProject
Project("{FAE04EC0-301F-11D3-BF4B-00C04F79EFBC}") = "DataMerger.Tests", "DataMerger.Tests\DataMerger.Tests.csproj", "{DDF6665F-138B-4AE8-849C-C14C1D3E3819}"
EndProject
Project("{2150E333-8FDC-42A3-9474-1A3956D46DE8}") = ".nuget", ".nuget", "{E13C09F1-F1C4-4304-BD45-7DD6EF834FB0}"
	ProjectSection(SolutionItems) = preProject
		.nuget\NuGet.Config = .nuget\NuGet.Config
		.nuget\NuGet.exe = .nuget\NuGet.exe
		.nuget\NuGet.targets = .nuget\NuGet.targets
	EndProjectSection
EndProject
Global
	GlobalSection(SolutionConfigurationPlatforms) = preSolution
		Debug|Any CPU = Debug|Any CPU
		Debug|ARM = Debug|ARM
		Debug|x64 = Debug|x64
		Debug|x86 = Debug|x86
		Release|Any CPU = Release|Any CPU
		Release|ARM = Release|ARM
		Release|x64 = Release|x64
		Release|x86 = Release|x86
	EndGlobalSection
	GlobalSection(ProjectConfigurationPlatforms) = postSolution
		{2B236AAC-DE24-46B5-8DAF-2A7DF924A285}.Debug|Any CPU.ActiveCfg = Debug|Any CPU
		{2B236AAC-DE24-46B5-8DAF-2A7DF924A285}.Debug|Any CPU.Build.0 = Debug|Any CPU
		{2B236AAC-DE24-46B5-8DAF-2A7DF924A285}.Debug|ARM.ActiveCfg = Debug|Any CPU
		{2B236AAC-DE24-46B5-8DAF-2A7DF924A285}.Debug|x64.ActiveCfg = Debug|Any CPU
		{2B236AAC-DE24-46B5-8DAF-2A7DF924A285}.Debug|x86.ActiveCfg = Debug|Any CPU
		{2B236AAC-DE24-46B5-8DAF-2A7DF924A285}.Release|Any CPU.ActiveCfg = Release|Any CPU
		{2B236AAC-DE24-46B5-8DAF-2A7DF924A285}.Release|Any CPU.Build.0 = Release|Any CPU
		{2B236AAC-DE24-46B5-8DAF-2A7DF924A285}.Release|ARM.ActiveCfg = Release|Any CPU
		{2B236AAC-DE24-46B5-8DAF-2A7DF924A285}.Release|x64.ActiveCfg = Release|Any CPU
		{2B236AAC-DE24-46B5-8DAF-2A7DF924A285}.Release|x86.ActiveCfg = Release|Any CPU
		{DDF6665F-138B-4AE8-849C-C14C1D3E3819}.Debug|Any CPU.ActiveCfg = Debug|Any CPU
		{DDF6665F-138B-4AE8-849C-C14C1D3E3819}.Debug|Any CPU.Build.0 = Debug|Any CPU
		{DDF6665F-138B-4AE8-849C-C14C1D3E3819}.Debug|ARM.ActiveCfg = Debug|Any CPU
		{DDF6665F-138B-4AE8-849C-C14C1D3E3819}.Debug|x64.ActiveCfg = Debug|Any CPU
		{DDF6665F-138B-4AE8-849C-C14C1D3E3819}.Debug|x86.ActiveCfg = Debug|Any CPU
		{DDF6665F-138B-4AE8-849C-C14C1D3E3819}.Release|Any CPU.ActiveCfg = Release|Any CPU
		{DDF6665F-138B-4AE8-849C-C14C1D3E3819}.Release|Any CPU.Build.0 = Release|Any CPU
		{DDF6665F-138B-4AE8-849C-C14C1D3E3819}.Release|ARM.ActiveCfg = Release|Any CPU
		{DDF6665F-138B-4AE8-849C-C14C1D3E3819}.Release|x64.ActiveCfg = Release|Any CPU
		{DDF6665F-138B-4AE8-849C-C14C1D3E3819}.Release|x86.ActiveCfg = Release|Any CPU
	EndGlobalSection
	GlobalSection(SolutionProperties) = preSolution
		HideSolutionNode = FALSE
	EndGlobalSection
EndGlobal
